
Microsoft Visual Studio Solution File, Format Version 12.00
# Visual Studio Version 17
VisualStudioVersion = 17.12.35527.113 d17.12
MinimumVisualStudioVersion = 10.0.40219.1
Project("{FAE04EC0-301F-11D3-BF4B-00C04F79EFBC}") = "WebApplication2", "WebApplication2.csproj", "{07B6B1AB-4D6E-4A94-A71F-BC4937377B75}"
EndProject
Project("{9092AA53-FB77-4645-B42D-1CCCA6BD08BD}") = "NodejsWebApp1", "..\NodejsWebApp1\NodejsWebApp1.njsproj", "{66B02DEE-18A3-42AF-8637-4F790B25C9A5}"
EndProject
Global
	GlobalSection(SolutionConfigurationPlatforms) = preSolution
		Debug|Any CPU = Debug|Any CPU
		Release|Any CPU = Release|Any CPU
	EndGlobalSection
	GlobalSection(ProjectConfigurationPlatforms) = postSolution
		{07B6B1AB-4D6E-4A94-A71F-BC4937377B75}.Debug|Any CPU.ActiveCfg = Debug|Any CPU
		{07B6B1AB-4D6E-4A94-A71F-BC4937377B75}.Debug|Any CPU.Build.0 = Debug|Any CPU
		{07B6B1AB-4D6E-4A94-A71F-BC4937377B75}.Release|Any CPU.ActiveCfg = Release|Any CPU
		{07B6B1AB-4D6E-4A94-A71F-BC4937377B75}.Release|Any CPU.Build.0 = Release|Any CPU
		{66B02DEE-18A3-42AF-8637-4F790B25C9A5}.Debug|Any CPU.ActiveCfg = Debug|Any CPU
		{66B02DEE-18A3-42AF-8637-4F790B25C9A5}.Debug|Any CPU.Build.0 = Debug|Any CPU
		{66B02DEE-18A3-42AF-8637-4F790B25C9A5}.Release|Any CPU.ActiveCfg = Release|Any CPU
		{66B02DEE-18A3-42AF-8637-4F790B25C9A5}.Release|Any CPU.Build.0 = Release|Any CPU
	EndGlobalSection
	GlobalSection(SolutionProperties) = preSolution
		HideSolutionNode = FALSE
	EndGlobalSection
EndGlobal
